
Microsoft Visual Studio Solution File, Format Version 12.00
# Visual Studio Version 17
VisualStudioVersion = 17.14.36310.24
MinimumVisualStudioVersion = 10.0.40219.1
Project("{FAE04EC0-301F-11D3-BF4B-00C04F79EFBC}") = "BMES", "BMES\BMES.csproj", "{F40D1B46-E23D-4E05-AC60-31870110EE3A}"
EndProject
Project("{FAE04EC0-301F-11D3-BF4B-00C04F79EFBC}") = "BMES.Core", "BMES.Core\BMES.Core.csproj", "{49F07D7D-F22D-4374-B486-7E267DF34159}"
EndProject
Project("{FAE04EC0-301F-11D3-BF4B-00C04F79EFBC}") = "BMES.Regions", "BMES.Regions\BMES.Regions.csproj", "{FD98DD40-BC7C-4343-959C-36862443AE77}"
EndProject
Project("{FAE04EC0-301F-11D3-BF4B-00C04F79EFBC}") = "BMES.Modules.Header", "BMES.Modules.Header\BMES.Modules.Header.csproj", "{F8D46790-D38C-4E5C-8C22-0D0EBCEABD7E}"
EndProject
Project("{FAE04EC0-301F-11D3-BF4B-00C04F79EFBC}") = "BMES.Modules.LeftMenu", "BMES.Modules.LeftMenu\BMES.Modules.LeftMenu.csproj", "{4E69AA25-A3F3-4984-A50C-89416D9716E8}"
EndProject
Project("{FAE04EC0-301F-11D3-BF4B-00C04F79EFBC}") = "BMES.Modules.ProductionViewer", "BMES.Modules.ProductionViewer\BMES.Modules.ProductionViewer.csproj", "{3B605C43-23BC-4ADD-A4FD-248B6DEEE800}"
EndProject
Project("{FAE04EC0-301F-11D3-BF4B-00C04F79EFBC}") = "BMES.Contracts", "BMES.Contracts\BMES.Contracts.csproj", "{2822BA2D-77A1-4ED8-9F9C-0AE9221F3A30}"
EndProject
Project("{FAE04EC0-301F-11D3-BF4B-00C04F79EFBC}") = "BMES.Infrastructure", "BMES.Infrastructure\BMES.Infrastructure.csproj", "{DDB1E0CC-B359-4B9B-A3B1-9E8651144756}"
EndProject
Project("{FAE04EC0-301F-11D3-BF4B-00C04F79EFBC}") = "BMES.Modules.Mimic", "BMES.Modules.Mimic\BMES.Modules.Mimic.csproj", "{889A2ACC-60AD-4E41-B58A-AD4D28D50012}"
EndProject
Project("{FAE04EC0-301F-11D3-BF4B-00C04F79EFBC}") = "BMES.Modules.Alarms", "BMES.Modules.Alarms\BMES.Modules.Alarms.csproj", "{8BFEEB06-F014-49A2-9F21-845083FB5F1A}"
EndProject
Project("{FAE04EC0-301F-11D3-BF4B-00C04F79EFBC}") = "BMES.Modules.Genealogy", "BMES.Modules.Genealogy\BMES.Modules.Genealogy.csproj", "{16BBE114-263B-DED0-E347-257E5ACC9406}"
EndProject
Project("{FAE04EC0-301F-11D3-BF4B-00C04F79EFBC}") = "BMES.Modules.Recipes", "BMES.Modules.Recipes\BMES.Modules.Recipes.csproj", "{F71D471B-A1D0-D9B0-D5ED-07C756BAFF8A}"
EndProject
Project("{FAE04EC0-301F-11D3-BF4B-00C04F79EFBC}") = "BMES.Modules.WorkflowEditor", "BMES.Modules.WorkflowEditor\BMES.Modules.WorkflowEditor.csproj", "{7B3064AF-6E93-9855-1FEA-482B994A6B8F}"
EndProject
Global
	GlobalSection(SolutionConfigurationPlatforms) = preSolution
		Debug|Any CPU = Debug|Any CPU
		Debug|x64 = Debug|x64
		Debug|x86 = Debug|x86
		Release|Any CPU = Release|Any CPU
		Release|x64 = Release|x64
		Release|x86 = Release|x86
	EndGlobalSection
	GlobalSection(ProjectConfigurationPlatforms) = postSolution
		{F40D1B46-E23D-4E05-AC60-31870110EE3A}.Debug|Any CPU.ActiveCfg = Debug|Any CPU
		{F40D1B46-E23D-4E05-AC60-31870110EE3A}.Debug|Any CPU.Build.0 = Debug|Any CPU
		{F40D1B46-E23D-4E05-AC60-31870110EE3A}.Debug|x64.ActiveCfg = Debug|Any CPU
		{F40D1B46-E23D-4E05-AC60-31870110EE3A}.Debug|x64.Build.0 = Debug|Any CPU
		{F40D1B46-E23D-4E05-AC60-31870110EE3A}.Debug|x86.ActiveCfg = Debug|Any CPU
		{F40D1B46-E23D-4E05-AC60-31870110EE3A}.Debug|x86.Build.0 = Debug|Any CPU
		{F40D1B46-E23D-4E05-AC60-31870110EE3A}.Release|Any CPU.ActiveCfg = Release|Any CPU
		{F40D1B46-E23D-4E05-AC60-31870110EE3A}.Release|Any CPU.Build.0 = Release|Any CPU
		{F40D1B46-E23D-4E05-AC60-31870110EE3A}.Release|x64.ActiveCfg = Release|Any CPU
		{F40D1B46-E23D-4E05-AC60-31870110EE3A}.Release|x64.Build.0 = Release|Any CPU
		{F40D1B46-E23D-4E05-AC60-31870110EE3A}.Release|x86.ActiveCfg = Release|Any CPU
		{F40D1B46-E23D-4E05-AC60-31870110EE3A}.Release|x86.Build.0 = Release|Any CPU
		{49F07D7D-F22D-4374-B486-7E267DF34159}.Debug|Any CPU.ActiveCfg = Debug|Any CPU
		{49F07D7D-F22D-4374-B486-7E267DF34159}.Debug|Any CPU.Build.0 = Debug|Any CPU
		{49F07D7D-F22D-4374-B486-7E267DF34159}.Debug|x64.ActiveCfg = Debug|Any CPU
		{49F07D7D-F22D-4374-B486-7E267DF34159}.Debug|x64.Build.0 = Debug|Any CPU
		{49F07D7D-F22D-4374-B486-7E267DF34159}.Debug|x86.ActiveCfg = Debug|Any CPU
		{49F07D7D-F22D-4374-B486-7E267DF34159}.Debug|x86.Build.0 = Debug|Any CPU
		{49F07D7D-F22D-4374-B486-7E267DF34159}.Release|Any CPU.ActiveCfg = Release|Any CPU
		{49F07D7D-F22D-4374-B486-7E267DF34159}.Release|Any CPU.Build.0 = Release|Any CPU
		{49F07D7D-F22D-4374-B486-7E267DF34159}.Release|x64.ActiveCfg = Release|Any CPU
		{49F07D7D-F22D-4374-B486-7E267DF34159}.Release|x64.Build.0 = Release|Any CPU
		{49F07D7D-F22D-4374-B486-7E267DF34159}.Release|x86.ActiveCfg = Release|Any CPU
		{49F07D7D-F22D-4374-B486-7E267DF34159}.Release|x86.Build.0 = Release|Any CPU
		{FD98DD40-BC7C-4343-959C-36862443AE77}.Debug|Any CPU.ActiveCfg = Debug|Any CPU
		{FD98DD40-BC7C-4343-959C-36862443AE77}.Debug|Any CPU.Build.0 = Debug|Any CPU
		{FD98DD40-BC7C-4343-959C-36862443AE77}.Debug|x64.ActiveCfg = Debug|Any CPU
		{FD98DD40-BC7C-4343-959C-36862443AE77}.Debug|x64.Build.0 = Debug|Any CPU
		{FD98DD40-BC7C-4343-959C-36862443AE77}.Debug|x86.ActiveCfg = Debug|Any CPU
		{FD98DD40-BC7C-4343-959C-36862443AE77}.Debug|x86.Build.0 = Debug|Any CPU
		{FD98DD40-BC7C-4343-959C-36862443AE77}.Release|Any CPU.ActiveCfg = Release|Any CPU
		{FD98DD40-BC7C-4343-959C-36862443AE77}.Release|Any CPU.Build.0 = Release|Any CPU
		{FD98DD40-BC7C-4343-959C-36862443AE77}.Release|x64.ActiveCfg = Release|Any CPU
		{FD98DD40-BC7C-4343-959C-36862443AE77}.Release|x64.Build.0 = Release|Any CPU
		{FD98DD40-BC7C-4343-959C-36862443AE77}.Release|x86.ActiveCfg = Release|Any CPU
		{FD98DD40-BC7C-4343-959C-36862443AE77}.Release|x86.Build.0 = Release|Any CPU
		{F8D46790-D38C-4E5C-8C22-0D0EBCEABD7E}.Debug|Any CPU.ActiveCfg = Debug|Any CPU
		{F8D46790-D38C-4E5C-8C22-0D0EBCEABD7E}.Debug|Any CPU.Build.0 = Debug|Any CPU
		{F8D46790-D38C-4E5C-8C22-0D0EBCEABD7E}.Debug|x64.ActiveCfg = Debug|Any CPU
		{F8D46790-D38C-4E5C-8C22-0D0EBCEABD7E}.Debug|x64.Build.0 = Debug|Any CPU
		{F8D46790-D38C-4E5C-8C22-0D0EBCEABD7E}.Debug|x86.ActiveCfg = Debug|Any CPU
		{F8D46790-D38C-4E5C-8C22-0D0EBCEABD7E}.Debug|x86.Build.0 = Debug|Any CPU
		{F8D46790-D38C-4E5C-8C22-0D0EBCEABD7E}.Release|Any CPU.ActiveCfg = Release|Any CPU
		{F8D46790-D38C-4E5C-8C22-0D0EBCEABD7E}.Release|Any CPU.Build.0 = Release|Any CPU
		{F8D46790-D38C-4E5C-8C22-0D0EBCEABD7E}.Release|x64.ActiveCfg = Release|Any CPU
		{F8D46790-D38C-4E5C-8C22-0D0EBCEABD7E}.Release|x64.Build.0 = Release|Any CPU
		{F8D46790-D38C-4E5C-8C22-0D0EBCEABD7E}.Release|x86.ActiveCfg = Release|Any CPU
		{F8D46790-D38C-4E5C-8C22-0D0EBCEABD7E}.Release|x86.Build.0 = Release|Any CPU
		{4E69AA25-A3F3-4984-A50C-89416D9716E8}.Debug|Any CPU.ActiveCfg = Debug|Any CPU
		{4E69AA25-A3F3-4984-A50C-89416D9716E8}.Debug|Any CPU.Build.0 = Debug|Any CPU
		{4E69AA25-A3F3-4984-A50C-89416D9716E8}.Debug|x64.ActiveCfg = Debug|Any CPU
		{4E69AA25-A3F3-4984-A50C-89416D9716E8}.Debug|x64.Build.0 = Debug|Any CPU
		{4E69AA25-A3F3-4984-A50C-89416D9716E8}.Debug|x86.ActiveCfg = Debug|Any CPU
		{4E69AA25-A3F3-4984-A50C-89416D9716E8}.Debug|x86.Build.0 = Debug|Any CPU
		{4E69AA25-A3F3-4984-A50C-89416D9716E8}.Release|Any CPU.ActiveCfg = Release|Any CPU
		{4E69AA25-A3F3-4984-A50C-89416D9716E8}.Release|Any CPU.Build.0 = Release|Any CPU
		{4E69AA25-A3F3-4984-A50C-89416D9716E8}.Release|x64.ActiveCfg = Release|Any CPU
		{4E69AA25-A3F3-4984-A50C-89416D9716E8}.Release|x64.Build.0 = Release|Any CPU
		{4E69AA25-A3F3-4984-A50C-89416D9716E8}.Release|x86.ActiveCfg = Release|Any CPU
		{4E69AA25-A3F3-4984-A50C-89416D9716E8}.Release|x86.Build.0 = Release|Any CPU
		{3B605C43-23BC-4ADD-A4FD-248B6DEEE800}.Debug|Any CPU.ActiveCfg = Debug|Any CPU
		{3B605C43-23BC-4ADD-A4FD-248B6DEEE800}.Debug|Any CPU.Build.0 = Debug|Any CPU
		{3B605C43-23BC-4ADD-A4FD-248B6DEEE800}.Debug|x64.ActiveCfg = Debug|Any CPU
		{3B605C43-23BC-4ADD-A4FD-248B6DEEE800}.Debug|x64.Build.0 = Debug|Any CPU
		{3B605C43-23BC-4ADD-A4FD-248B6DEEE800}.Debug|x86.ActiveCfg = Debug|Any CPU
		{3B605C43-23BC-4ADD-A4FD-248B6DEEE800}.Debug|x86.Build.0 = Debug|Any CPU
		{3B605C43-23BC-4ADD-A4FD-248B6DEEE800}.Release|Any CPU.ActiveCfg = Release|Any CPU
		{3B605C43-23BC-4ADD-A4FD-248B6DEEE800}.Release|Any CPU.Build.0 = Release|Any CPU
		{3B605C43-23BC-4ADD-A4FD-248B6DEEE800}.Release|x64.ActiveCfg = Release|Any CPU
		{3B605C43-23BC-4ADD-A4FD-248B6DEEE800}.Release|x64.Build.0 = Release|Any CPU
		{3B605C43-23BC-4ADD-A4FD-248B6DEEE800}.Release|x86.ActiveCfg = Release|Any CPU
		{3B605C43-23BC-4ADD-A4FD-248B6DEEE800}.Release|x86.Build.0 = Release|Any CPU
		{2822BA2D-77A1-4ED8-9F9C-0AE9221F3A30}.Debug|Any CPU.ActiveCfg = Debug|Any CPU
		{2822BA2D-77A1-4ED8-9F9C-0AE9221F3A30}.Debug|Any CPU.Build.0 = Debug|Any CPU
		{2822BA2D-77A1-4ED8-9F9C-0AE9221F3A30}.Debug|x64.ActiveCfg = Debug|Any CPU
		{2822BA2D-77A1-4ED8-9F9C-0AE9221F3A30}.Debug|x64.Build.0 = Debug|Any CPU
		{2822BA2D-77A1-4ED8-9F9C-0AE9221F3A30}.Debug|x86.ActiveCfg = Debug|Any CPU
		{2822BA2D-77A1-4ED8-9F9C-0AE9221F3A30}.Debug|x86.Build.0 = Debug|Any CPU
		{2822BA2D-77A1-4ED8-9F9C-0AE9221F3A30}.Release|Any CPU.ActiveCfg = Release|Any CPU
		{2822BA2D-77A1-4ED8-9F9C-0AE9221F3A30}.Release|Any CPU.Build.0 = Release|Any CPU
		{2822BA2D-77A1-4ED8-9F9C-0AE9221F3A30}.Release|x64.ActiveCfg = Release|Any CPU
		{2822BA2D-77A1-4ED8-9F9C-0AE9221F3A30}.Release|x64.Build.0 = Release|Any CPU
		{2822BA2D-77A1-4ED8-9F9C-0AE9221F3A30}.Release|x86.ActiveCfg = Release|Any CPU
		{2822BA2D-77A1-4ED8-9F9C-0AE9221F3A30}.Release|x86.Build.0 = Release|Any CPU
		{DDB1E0CC-B359-4B9B-A3B1-9E8651144756}.Debug|Any CPU.ActiveCfg = Debug|Any CPU
		{DDB1E0CC-B359-4B9B-A3B1-9E8651144756}.Debug|Any CPU.Build.0 = Debug|Any CPU
		{DDB1E0CC-B359-4B9B-A3B1-9E8651144756}.Debug|x64.ActiveCfg = Debug|Any CPU
		{DDB1E0CC-B359-4B9B-A3B1-9E8651144756}.Debug|x64.Build.0 = Debug|Any CPU
		{DDB1E0CC-B359-4B9B-A3B1-9E8651144756}.Debug|x86.ActiveCfg = Debug|Any CPU
		{DDB1E0CC-B359-4B9B-A3B1-9E8651144756}.Debug|x86.Build.0 = Debug|Any CPU
		{DDB1E0CC-B359-4B9B-A3B1-9E8651144756}.Release|Any CPU.ActiveCfg = Release|Any CPU
		{DDB1E0CC-B359-4B9B-A3B1-9E8651144756}.Release|Any CPU.Build.0 = Release|Any CPU
		{DDB1E0CC-B359-4B9B-A3B1-9E8651144756}.Release|x64.ActiveCfg = Release|Any CPU
		{DDB1E0CC-B359-4B9B-A3B1-9E8651144756}.Release|x64.Build.0 = Release|Any CPU
		{DDB1E0CC-B359-4B9B-A3B1-9E8651144756}.Release|x86.ActiveCfg = Release|Any CPU
		{DDB1E0CC-B359-4B9B-A3B1-9E8651144756}.Release|x86.Build.0 = Release|Any CPU
		{889A2ACC-60AD-4E41-B58A-AD4D28D50012}.Debug|Any CPU.ActiveCfg = Debug|Any CPU
		{889A2ACC-60AD-4E41-B58A-AD4D28D50012}.Debug|Any CPU.Build.0 = Debug|Any CPU
		{889A2ACC-60AD-4E41-B58A-AD4D28D50012}.Debug|x64.ActiveCfg = Debug|Any CPU
		{889A2ACC-60AD-4E41-B58A-AD4D28D50012}.Debug|x64.Build.0 = Debug|Any CPU
		{889A2ACC-60AD-4E41-B58A-AD4D28D50012}.Debug|x86.ActiveCfg = Debug|Any CPU
		{889A2ACC-60AD-4E41-B58A-AD4D28D50012}.Debug|x86.Build.0 = Debug|Any CPU
		{889A2ACC-60AD-4E41-B58A-AD4D28D50012}.Release|Any CPU.ActiveCfg = Release|Any CPU
		{889A2ACC-60AD-4E41-B58A-AD4D28D50012}.Release|Any CPU.Build.0 = Release|Any CPU
		{889A2ACC-60AD-4E41-B58A-AD4D28D50012}.Release|x64.ActiveCfg = Release|Any CPU
		{889A2ACC-60AD-4E41-B58A-AD4D28D50012}.Release|x64.Build.0 = Release|Any CPU
		{889A2ACC-60AD-4E41-B58A-AD4D28D50012}.Release|x86.ActiveCfg = Release|Any CPU
		{889A2ACC-60AD-4E41-B58A-AD4D28D50012}.Release|x86.Build.0 = Release|Any CPU
		{8BFEEB06-F014-49A2-9F21-845083FB5F1A}.Debug|Any CPU.ActiveCfg = Debug|Any CPU
		{8BFEEB06-F014-49A2-9F21-845083FB5F1A}.Debug|Any CPU.Build.0 = Debug|Any CPU
		{8BFEEB06-F014-49A2-9F21-845083FB5F1A}.Debug|x64.ActiveCfg = Debug|Any CPU
		{8BFEEB06-F014-49A2-9F21-845083FB5F1A}.Debug|x64.Build.0 = Debug|Any CPU
		{8BFEEB06-F014-49A2-9F21-845083FB5F1A}.Debug|x86.ActiveCfg = Debug|Any CPU
		{8BFEEB06-F014-49A2-9F21-845083FB5F1A}.Debug|x86.Build.0 = Debug|Any CPU
		{8BFEEB06-F014-49A2-9F21-845083FB5F1A}.Release|Any CPU.ActiveCfg = Release|Any CPU
		{8BFEEB06-F014-49A2-9F21-845083FB5F1A}.Release|Any CPU.Build.0 = Release|Any CPU
		{8BFEEB06-F014-49A2-9F21-845083FB5F1A}.Release|x64.ActiveCfg = Release|Any CPU
		{8BFEEB06-F014-49A2-9F21-845083FB5F1A}.Release|x64.Build.0 = Release|Any CPU
		{8BFEEB06-F014-49A2-9F21-845083FB5F1A}.Release|x86.ActiveCfg = Release|Any CPU
		{8BFEEB06-F014-49A2-9F21-845083FB5F1A}.Release|x86.Build.0 = Release|Any CPU
		{16BBE114-263B-DED0-E347-257E5ACC9406}.Debug|Any CPU.ActiveCfg = Debug|Any CPU
		{16BBE114-263B-DED0-E347-257E5ACC9406}.Debug|Any CPU.Build.0 = Debug|Any CPU
		{16BBE114-263B-DED0-E347-257E5ACC9406}.Debug|x64.ActiveCfg = Debug|Any CPU
		{16BBE114-263B-DED0-E347-257E5ACC9406}.Debug|x64.Build.0 = Debug|Any CPU
		{16BBE114-263B-DED0-E347-257E5ACC9406}.Debug|x86.ActiveCfg = Debug|Any CPU
		{16BBE114-263B-DED0-E347-257E5ACC9406}.Debug|x86.Build.0 = Debug|Any CPU
		{16BBE114-263B-DED0-E347-257E5ACC9406}.Release|Any CPU.ActiveCfg = Release|Any CPU
		{16BBE114-263B-DED0-E347-257E5ACC9406}.Release|Any CPU.Build.0 = Release|Any CPU
		{16BBE114-263B-DED0-E347-257E5ACC9406}.Release|x64.ActiveCfg = Release|Any CPU
		{16BBE114-263B-DED0-E347-257E5ACC9406}.Release|x64.Build.0 = Release|Any CPU
		{16BBE114-263B-DED0-E347-257E5ACC9406}.Release|x86.ActiveCfg = Release|Any CPU
		{16BBE114-263B-DED0-E347-257E5ACC9406}.Release|x86.Build.0 = Release|Any CPU
		{F71D471B-A1D0-D9B0-D5ED-07C756BAFF8A}.Debug|Any CPU.ActiveCfg = Debug|Any CPU
		{F71D471B-A1D0-D9B0-D5ED-07C756BAFF8A}.Debug|Any CPU.Build.0 = Debug|Any CPU
		{F71D471B-A1D0-D9B0-D5ED-07C756BAFF8A}.Debug|x64.ActiveCfg = Debug|Any CPU
		{F71D471B-A1D0-D9B0-D5ED-07C756BAFF8A}.Debug|x64.Build.0 = Debug|Any CPU
		{F71D471B-A1D0-D9B0-D5ED-07C756BAFF8A}.Debug|x86.ActiveCfg = Debug|Any CPU
		{F71D471B-A1D0-D9B0-D5ED-07C756BAFF8A}.Debug|x86.Build.0 = Debug|Any CPU
		{F71D471B-A1D0-D9B0-D5ED-07C756BAFF8A}.Release|Any CPU.ActiveCfg = Release|Any CPU
		{F71D471B-A1D0-D9B0-D5ED-07C756BAFF8A}.Release|Any CPU.Build.0 = Release|Any CPU
		{F71D471B-A1D0-D9B0-D5ED-07C756BAFF8A}.Release|x64.ActiveCfg = Release|Any CPU
		{F71D471B-A1D0-D9B0-D5ED-07C756BAFF8A}.Release|x64.Build.0 = Release|Any CPU
		{F71D471B-A1D0-D9B0-D5ED-07C756BAFF8A}.Release|x86.ActiveCfg = Release|Any CPU
		{F71D471B-A1D0-D9B0-D5ED-07C756BAFF8A}.Release|x86.Build.0 = Release|Any CPU
		{7B3064AF-6E93-9855-1FEA-482B994A6B8F}.Debug|Any CPU.ActiveCfg = Debug|Any CPU
		{7B3064AF-6E93-9855-1FEA-482B994A6B8F}.Debug|Any CPU.Build.0 = Debug|Any CPU
		{7B3064AF-6E93-9855-1FEA-482B994A6B8F}.Debug|x64.ActiveCfg = Debug|Any CPU
		{7B3064AF-6E93-9855-1FEA-482B994A6B8F}.Debug|x64.Build.0 = Debug|Any CPU
		{7B3064AF-6E93-9855-1FEA-482B994A6B8F}.Debug|x86.ActiveCfg = Debug|Any CPU
		{7B3064AF-6E93-9855-1FEA-482B994A6B8F}.Debug|x86.Build.0 = Debug|Any CPU
		{7B3064AF-6E93-9855-1FEA-482B994A6B8F}.Release|Any CPU.ActiveCfg = Release|Any CPU
		{7B3064AF-6E93-9855-1FEA-482B994A6B8F}.Release|Any CPU.Build.0 = Release|Any CPU
		{7B3064AF-6E93-9855-1FEA-482B994A6B8F}.Release|x64.ActiveCfg = Release|Any CPU
		{7B3064AF-6E93-9855-1FEA-482B994A6B8F}.Release|x64.Build.0 = Release|Any CPU
		{7B3064AF-6E93-9855-1FEA-482B994A6B8F}.Release|x86.ActiveCfg = Release|Any CPU
		{7B3064AF-6E93-9855-1FEA-482B994A6B8F}.Release|x86.Build.0 = Release|Any CPU
	EndGlobalSection
	GlobalSection(SolutionProperties) = preSolution
		HideSolutionNode = FALSE
	EndGlobalSection
	GlobalSection(ExtensibilityGlobals) = postSolution
		SolutionGuid = {5F785496-C25E-4302-A8EF-01433C0BBF13}
	EndGlobalSection
EndGlobal
